<?xml version="1.0" encoding="utf-8"?>
<Project ToolsVersion="4.0" xmlns="http://schemas.microsoft.com/developer/msbuild/2003">
  <ItemGroup>
    <Filter Include="Source Files">
      <UniqueIdentifier>{4FC737F1-C7A5-4376-A066-2A32D752A2FF}</UniqueIdentifier>
      <Extensions>cpp;c;cc;cxx;def;odl;idl;hpj;bat;asm;asmx</Extensions>
    </Filter>
    <Filter Include="Header Files">
      <UniqueIdentifier>{93995380-89BD-4b04-88EB-625FBE52EBFB}</UniqueIdentifier>
      <Extensions>h;hh;hpp;hxx;hm;inl;inc;xsd</Extensions>
    </Filter>
    <Filter Include="Resource Files">
      <UniqueIdentifier>{67DA6AB6-F800-4c08-8B7A-83BB121AAD01}</UniqueIdentifier>
      <Extensions>rc;ico;cur;bmp;dlg;rc2;rct;bin;rgs;gif;jpg;jpeg;jpe;resx;tiff;tif;png;wav;mfcribbon-ms</Extensions>
    </Filter>
    <Filter Include="Header Files\Arena">
      <UniqueIdentifier>{7a1025c0-4fa6-46b2-8aa7-8f1b36aa484f}</UniqueIdentifier>
    </Filter>
    <Filter Include="Source Files\Arena">
      <UniqueIdentifier>{dae23857-6dd0-447d-8d36-2aacefa53757}</UniqueIdentifier>
    </Filter>
    <Filter Include="Header Files\Character">
      <UniqueIdentifier>{16ec33a2-907d-4f47-bae6-1c6fe987e22f}</UniqueIdentifier>
    </Filter>
    <Filter Include="Header Files\Arena\BattleManagement">
      <UniqueIdentifier>{4f17529e-1b05-408e-94bf-699e2884ac7d}</UniqueIdentifier>
    </Filter>
    <Filter Include="Source Files\Arena\BattleManagement">
      <UniqueIdentifier>{850614ba-a87f-467e-a3e7-582a33f6f026}</UniqueIdentifier>
    </Filter>
    <Filter Include="Header Files\Menus">
      <UniqueIdentifier>{91eb1be6-25ae-44e5-bdc6-886243f7f61f}</UniqueIdentifier>
    </Filter>
  </ItemGroup>
  <ItemGroup>
    <Text Include="ReadMe.txt" />
  </ItemGroup>
  <ItemGroup>
    <ClCompile Include="DialogueGame.cpp">
      <Filter>Source Files</Filter>
    </ClCompile>
    <ClCompile Include="EnemyGenerator.cpp">
      <Filter>Source Files\Arena</Filter>
    </ClCompile>
    <ClCompile Include="GameMenus.cpp">
      <Filter>Source Files</Filter>
    </ClCompile>
    <ClCompile Include="RandomBattleManager.cpp">
      <Filter>Source Files\Arena\BattleManagement</Filter>
    </ClCompile>
  </ItemGroup>
  <ItemGroup>
    <ClInclude Include="Common.h">
      <Filter>Header Files</Filter>
    </ClInclude>
    <ClInclude Include="NamedObject.h">
      <Filter>Header Files</Filter>
    </ClInclude>
    <ClInclude Include="ReadWriteToFile.h">
      <Filter>Header Files</Filter>
    </ClInclude>
    <ClInclude Include="EnemyGenerator.h">
      <Filter>Header Files\Arena</Filter>
    </ClInclude>
    <ClInclude Include="Utils.h">
      <Filter>Header Files</Filter>
    </ClInclude>
    <ClInclude Include="RandomNumberGenerator.h">
      <Filter>Header Files\Arena</Filter>
    </ClInclude>
    <ClInclude Include="BasicSkills.h">
      <Filter>Header Files\Character</Filter>
    </ClInclude>
    <ClInclude Include="Character.h">
      <Filter>Header Files\Character</Filter>
    </ClInclude>
    <ClInclude Include="Skills.h">
      <Filter>Header Files\Character</Filter>
    </ClInclude>
    <ClInclude Include="Profiles.h">
      <Filter>Header Files\Character</Filter>
    </ClInclude>
    <ClInclude Include="BattleResult.h">
      <Filter>Header Files\Arena</Filter>
    </ClInclude>
    <ClInclude Include="ExperienceManager.h">
      <Filter>Header Files\Arena</Filter>
    </ClInclude>
    <ClInclude Include="Experience.h">
      <Filter>Header Files\Character</Filter>
    </ClInclude>
    <ClInclude Include="IBattleManager.h">
      <Filter>Header Files\Arena\BattleManagement</Filter>
    </ClInclude>
    <ClInclude Include="RandomBattleManager.h">
      <Filter>Header Files\Arena\BattleManagement</Filter>
    </ClInclude>
    <ClInclude Include="Battle.h">
      <Filter>Header Files\Arena</Filter>
    </ClInclude>
    <ClInclude Include="Menu.h">
      <Filter>Header Files\Menus</Filter>
    </ClInclude>
    <ClInclude Include="GameMenus.h">
      <Filter>Header Files\Menus</Filter>
    </ClInclude>
    <ClInclude Include="GameState.h">
      <Filter>Header Files\Menus</Filter>
    </ClInclude>
  </ItemGroup>
</Project>